
Microsoft Visual Studio Solution File, Format Version 12.00
# Visual Studio Version 16
Project("{2150E333-8FDC-42A3-9474-1A3956D46DE8}") = "RedEngine", "RedEngine", "{7DAC68FA-E937-D6BE-F248-59B35E5332BF}"
EndProject
Project("{8BC9CEB8-8B4A-11D0-8D11-00A0C91BC942}") = "RedEngineLib", "projects\RedEngineLib.vcxproj", "{AD25BA17-9988-49BC-420E-82722E50153F}"
EndProject
Project("{8BC9CEB8-8B4A-11D0-8D11-00A0C91BC942}") = "Template", "projects\Template.vcxproj", "{E1057166-CDD2-CB71-F6EB-B919E2170100}"
EndProject
Project("{2150E333-8FDC-42A3-9474-1A3956D46DE8}") = "Externals", "Externals", "{C2B28EB3-2E3E-FC77-374F-7F6CA3595878}"
EndProject
Project("{8BC9CEB8-8B4A-11D0-8D11-00A0C91BC942}") = "SDL2", "projects\SDL2.vcxproj", "{3ABE8B7C-26F5-8C0D-CFE1-7210BBF7080F}"
EndProject
Global
	GlobalSection(SolutionConfigurationPlatforms) = preSolution
		Debug|x64 = Debug|x64
		Release|x64 = Release|x64
	EndGlobalSection
	GlobalSection(ProjectConfigurationPlatforms) = postSolution
		{AD25BA17-9988-49BC-420E-82722E50153F}.Debug|x64.ActiveCfg = Debug|x64
		{AD25BA17-9988-49BC-420E-82722E50153F}.Debug|x64.Build.0 = Debug|x64
		{AD25BA17-9988-49BC-420E-82722E50153F}.Release|x64.ActiveCfg = Release|x64
		{AD25BA17-9988-49BC-420E-82722E50153F}.Release|x64.Build.0 = Release|x64
		{E1057166-CDD2-CB71-F6EB-B919E2170100}.Debug|x64.ActiveCfg = Debug|x64
		{E1057166-CDD2-CB71-F6EB-B919E2170100}.Debug|x64.Build.0 = Debug|x64
		{E1057166-CDD2-CB71-F6EB-B919E2170100}.Release|x64.ActiveCfg = Release|x64
		{E1057166-CDD2-CB71-F6EB-B919E2170100}.Release|x64.Build.0 = Release|x64
		{3ABE8B7C-26F5-8C0D-CFE1-7210BBF7080F}.Debug|x64.ActiveCfg = Debug|x64
		{3ABE8B7C-26F5-8C0D-CFE1-7210BBF7080F}.Debug|x64.Build.0 = Debug|x64
		{3ABE8B7C-26F5-8C0D-CFE1-7210BBF7080F}.Release|x64.ActiveCfg = Release|x64
		{3ABE8B7C-26F5-8C0D-CFE1-7210BBF7080F}.Release|x64.Build.0 = Release|x64
	EndGlobalSection
	GlobalSection(SolutionProperties) = preSolution
		HideSolutionNode = FALSE
	EndGlobalSection
	GlobalSection(NestedProjects) = preSolution
		{AD25BA17-9988-49BC-420E-82722E50153F} = {7DAC68FA-E937-D6BE-F248-59B35E5332BF}
		{E1057166-CDD2-CB71-F6EB-B919E2170100} = {7DAC68FA-E937-D6BE-F248-59B35E5332BF}
		{3ABE8B7C-26F5-8C0D-CFE1-7210BBF7080F} = {C2B28EB3-2E3E-FC77-374F-7F6CA3595878}
	EndGlobalSection
EndGlobal
